# This file is automatically @generated by Cargo.
# It is not intended for manual editing.
version = 3

[[package]]
name = "hotkey"
version = "0.3.0"
source = "git+https://github.com/shiomiyan/hotkey-rs#f8833c08bb6b958a9a40f9fd517ce940d34e504d"
dependencies = [
 "windows",
 "x11-dl",
]

[[package]]
name = "imdisable-rs"
version = "0.1.0"
dependencies = [
 "hotkey",
 "windows",
]

[[package]]
name = "lazy_static"
version = "1.4.0"
source = "registry+https://github.com/rust-lang/crates.io-index"
checksum = "e2abad23fbc42b3700f2f279844dc832adb2b2eb069b2df918f455c4e18cc646"

[[package]]
name = "libc"
version = "0.2.125"
source = "registry+https://github.com/rust-lang/crates.io-index"
checksum = "5916d2ae698f6de9bfb891ad7a8d65c09d232dc58cc4ac433c7da3b2fd84bc2b"

[[package]]
name = "pkg-config"
version = "0.3.25"
source = "registry+https://github.com/rust-lang/crates.io-index"
checksum = "1df8c4ec4b0627e53bdf214615ad287367e482558cf84b109250b37464dc03ae"

[[package]]
name = "windows"
version = "0.34.0"
source = "registry+https://github.com/rust-lang/crates.io-index"
checksum = "45296b64204227616fdbf2614cefa4c236b98ee64dfaaaa435207ed99fe7829f"
dependencies = [
 "windows_aarch64_msvc",
 "windows_i686_gnu",
 "windows_i686_msvc",
 "windows_x86_64_gnu",
 "windows_x86_64_msvc",
]

[[package]]
name = "windows_aarch64_msvc"
version = "0.34.0"
source = "registry+https://github.com/rust-lang/crates.io-index"
checksum = "17cffbe740121affb56fad0fc0e421804adf0ae00891205213b5cecd30db881d"

[[package]]
name = "windows_i686_gnu"
version = "0.34.0"
source = "registry+https://github.com/rust-lang/crates.io-index"
checksum = "2564fde759adb79129d9b4f54be42b32c89970c18ebf93124ca8870a498688ed"

[[package]]
name = "windows_i686_msvc"
version = "0.34.0"
source = "registry+https://github.com/rust-lang/crates.io-index"
checksum = "9cd9d32ba70453522332c14d38814bceeb747d80b3958676007acadd7e166956"

[[package]]
name = "windows_x86_64_gnu"
version = "0.34.0"
source = "registry+https://github.com/rust-lang/crates.io-index"
checksum = "cfce6deae227ee8d356d19effc141a509cc503dfd1f850622ec4b0f84428e1f4"

[[package]]
name = "windows_x86_64_msvc"
version = "0.34.0"
source = "registry+https://github.com/rust-lang/crates.io-index"
checksum = "d19538ccc21819d01deaf88d6a17eae6596a12e9aafdbb97916fb49896d89de9"

[[package]]
name = "x11-dl"
version = "2.19.1"
source = "registry+https://github.com/rust-lang/crates.io-index"
checksum = "ea26926b4ce81a6f5d9d0f3a0bc401e5a37c6ae14a1bfaa8ff6099ca80038c59"
dependencies = [
 "lazy_static",
 "libc",
 "pkg-config",
]
